
Microsoft Visual Studio Solution File, Format Version 12.00
# Visual Studio Version 16
VisualStudioVersion = 16.0.31613.86
MinimumVisualStudioVersion = 10.0.40219.1
Project("{FAE04EC0-301F-11D3-BF4B-00C04F79EFBC}") = "SimpleDataApp", "SimpleDataApp\SimpleDataApp.csproj", "{26F137BD-F300-4B72-B796-7796F4F61D41}"
EndProject
Global
	GlobalSection(SolutionConfigurationPlatforms) = preSolution
		Debug|Any CPU = Debug|Any CPU
		Release|Any CPU = Release|Any CPU
	EndGlobalSection
	GlobalSection(ProjectConfigurationPlatforms) = postSolution
		{26F137BD-F300-4B72-B796-7796F4F61D41}.Debug|Any CPU.ActiveCfg = Debug|Any CPU
		{26F137BD-F300-4B72-B796-7796F4F61D41}.Debug|Any CPU.Build.0 = Debug|Any CPU
		{26F137BD-F300-4B72-B796-7796F4F61D41}.Release|Any CPU.ActiveCfg = Release|Any CPU
		{26F137BD-F300-4B72-B796-7796F4F61D41}.Release|Any CPU.Build.0 = Release|Any CPU
	EndGlobalSection
	GlobalSection(SolutionProperties) = preSolution
		HideSolutionNode = FALSE
	EndGlobalSection
	GlobalSection(ExtensibilityGlobals) = postSolution
		SolutionGuid = {487E3A39-4AFF-4702-AB17-451C5BB9E1A2}
	EndGlobalSection
EndGlobal
